
Microsoft Visual Studio Solution File, Format Version 12.00
# Visual Studio Version 16
VisualStudioVersion = 16.0.30128.36
MinimumVisualStudioVersion = 10.0.40219.1
Project("{FAE04EC0-301F-11D3-BF4B-00C04F79EFBC}") = "Ejercicio1", "HBRGroup\Ejercicio1.csproj", "{8108AB7C-A358-465A-9B58-2068B2E25DD6}"
EndProject
Project("{FAE04EC0-301F-11D3-BF4B-00C04F79EFBC}") = "Ejercicio2", "Ejercicio2\Ejercicio2.csproj", "{A96BE4AD-79F3-4C48-AD61-71649BE41E03}"
EndProject
Project("{FAE04EC0-301F-11D3-BF4B-00C04F79EFBC}") = "Ejercicio3", "Ejercicio3\Ejercicio3.csproj", "{363B37E0-4428-4D5E-9E07-099A7BDCD9E9}"
EndProject
Project("{FAE04EC0-301F-11D3-BF4B-00C04F79EFBC}") = "Ejercicio4", "Ejercicio4\Ejercicio4.csproj", "{C9DCDBFB-47B1-4FFE-B226-3506241CF47F}"
EndProject
Project("{FAE04EC0-301F-11D3-BF4B-00C04F79EFBC}") = "Ejercicio5", "Ejercicio5\Ejercicio5.csproj", "{DA4DFA23-75D3-432A-A50D-FD4289F5D642}"
EndProject
Project("{FAE04EC0-301F-11D3-BF4B-00C04F79EFBC}") = "Ejercicio6", "Ejercicio6\Ejercicio6.csproj", "{3E01EB70-924A-4BB7-BB86-95376D6082D8}"
EndProject
Project("{FAE04EC0-301F-11D3-BF4B-00C04F79EFBC}") = "Ejercicio7", "Ejercicio7\Ejercicio7.csproj", "{D3027E53-D14C-4D90-B972-08E5B61A6070}"
EndProject
Project("{FAE04EC0-301F-11D3-BF4B-00C04F79EFBC}") = "Ejercicio8", "Ejercicio8\Ejercicio8.csproj", "{91DD86FE-2E35-47A6-AB9E-1B9E26E76ECC}"
EndProject
Project("{FAE04EC0-301F-11D3-BF4B-00C04F79EFBC}") = "Ejercicio9", "Ejercicio9\Ejercicio9.csproj", "{83154951-C894-4049-8841-070069A24D5A}"
EndProject
Project("{FAE04EC0-301F-11D3-BF4B-00C04F79EFBC}") = "Ejercicio10", "Ejercicio10\Ejercicio10.csproj", "{D2B3DEB9-A0A7-4FEC-B75C-0E9CBF7900CA}"
EndProject
Project("{FAE04EC0-301F-11D3-BF4B-00C04F79EFBC}") = "Ejercicio11", "Ejercicio11\Ejercicio11.csproj", "{E70DCB1D-E905-4F00-BB1B-C745C6C30808}"
EndProject
Project("{FAE04EC0-301F-11D3-BF4B-00C04F79EFBC}") = "Ejercicio12", "Ejercicio12\Ejercicio12.csproj", "{5D2BCACA-C53A-4E3A-A713-2B071C37063E}"
EndProject
Project("{FAE04EC0-301F-11D3-BF4B-00C04F79EFBC}") = "Ejercicio14", "Ejercicio14\Ejercicio14.csproj", "{FF49E5F8-EC56-47C0-A834-689ECF221E3E}"
EndProject
Project("{FAE04EC0-301F-11D3-BF4B-00C04F79EFBC}") = "Ejercicio13", "Ejercicio13\Ejercicio13.csproj", "{C7086346-C3CA-48EB-AE45-A26C9F47BD2D}"
EndProject
Project("{FAE04EC0-301F-11D3-BF4B-00C04F79EFBC}") = "Ejercicio15", "Ejercicio15\Ejercicio15.csproj", "{A5184B74-929D-40FF-A9A7-142935783578}"
EndProject
Project("{FAE04EC0-301F-11D3-BF4B-00C04F79EFBC}") = "Ejercicio16", "Ejercicio16\Ejercicio16.csproj", "{B6953955-E1A9-4BC2-99AE-EF830C7802F9}"
EndProject
Project("{FAE04EC0-301F-11D3-BF4B-00C04F79EFBC}") = "Ejercicio17", "Ejericicio17\Ejercicio17.csproj", "{82C61D3C-E950-47E2-96B4-6191350629B2}"
EndProject
Project("{FAE04EC0-301F-11D3-BF4B-00C04F79EFBC}") = "Ejercicio18", "Ejercicio18\Ejercicio18.csproj", "{10C944DE-38EF-4B65-B427-C648C13C350C}"
EndProject
Project("{FAE04EC0-301F-11D3-BF4B-00C04F79EFBC}") = "Ejercicio19", "Ejercicio19\Ejercicio19.csproj", "{7407A837-FF8E-40EA-B4E6-D28FF1ABACED}"
EndProject
Project("{FAE04EC0-301F-11D3-BF4B-00C04F79EFBC}") = "Ejercicio20", "Ejercicio20\Ejercicio20.csproj", "{C53F4131-9B33-414E-B617-6C063C7FDCF3}"
EndProject
Project("{FAE04EC0-301F-11D3-BF4B-00C04F79EFBC}") = "Ejercicio21", "Ejercicio21\Ejercicio21.csproj", "{03BF1341-57B2-4AAE-A1E4-45185CF1E0EE}"
EndProject
Project("{FAE04EC0-301F-11D3-BF4B-00C04F79EFBC}") = "Ejercicio22", "Ejercicio22\Ejercicio22.csproj", "{A2E878D2-D71D-4DB7-8B0E-9625AAE12DC3}"
EndProject
Project("{FAE04EC0-301F-11D3-BF4B-00C04F79EFBC}") = "Ejercicio23", "Ejercicio23\Ejercicio23.csproj", "{5EF44271-2E03-455D-B6A9-E88A0B65529B}"
EndProject
Project("{FAE04EC0-301F-11D3-BF4B-00C04F79EFBC}") = "Ejercicio24", "Ejercicio24\Ejercicio24.csproj", "{EB6FF440-3C32-49B0-931F-6B8D5FE8615F}"
EndProject
Global
	GlobalSection(SolutionConfigurationPlatforms) = preSolution
		Debug|Any CPU = Debug|Any CPU
		Release|Any CPU = Release|Any CPU
	EndGlobalSection
	GlobalSection(ProjectConfigurationPlatforms) = postSolution
		{8108AB7C-A358-465A-9B58-2068B2E25DD6}.Debug|Any CPU.ActiveCfg = Debug|Any CPU
		{8108AB7C-A358-465A-9B58-2068B2E25DD6}.Debug|Any CPU.Build.0 = Debug|Any CPU
		{8108AB7C-A358-465A-9B58-2068B2E25DD6}.Release|Any CPU.ActiveCfg = Release|Any CPU
		{8108AB7C-A358-465A-9B58-2068B2E25DD6}.Release|Any CPU.Build.0 = Release|Any CPU
		{A96BE4AD-79F3-4C48-AD61-71649BE41E03}.Debug|Any CPU.ActiveCfg = Debug|Any CPU
		{A96BE4AD-79F3-4C48-AD61-71649BE41E03}.Debug|Any CPU.Build.0 = Debug|Any CPU
		{A96BE4AD-79F3-4C48-AD61-71649BE41E03}.Release|Any CPU.ActiveCfg = Release|Any CPU
		{A96BE4AD-79F3-4C48-AD61-71649BE41E03}.Release|Any CPU.Build.0 = Release|Any CPU
		{363B37E0-4428-4D5E-9E07-099A7BDCD9E9}.Debug|Any CPU.ActiveCfg = Debug|Any CPU
		{363B37E0-4428-4D5E-9E07-099A7BDCD9E9}.Debug|Any CPU.Build.0 = Debug|Any CPU
		{363B37E0-4428-4D5E-9E07-099A7BDCD9E9}.Release|Any CPU.ActiveCfg = Release|Any CPU
		{363B37E0-4428-4D5E-9E07-099A7BDCD9E9}.Release|Any CPU.Build.0 = Release|Any CPU
		{C9DCDBFB-47B1-4FFE-B226-3506241CF47F}.Debug|Any CPU.ActiveCfg = Debug|Any CPU
		{C9DCDBFB-47B1-4FFE-B226-3506241CF47F}.Debug|Any CPU.Build.0 = Debug|Any CPU
		{C9DCDBFB-47B1-4FFE-B226-3506241CF47F}.Release|Any CPU.ActiveCfg = Release|Any CPU
		{C9DCDBFB-47B1-4FFE-B226-3506241CF47F}.Release|Any CPU.Build.0 = Release|Any CPU
		{DA4DFA23-75D3-432A-A50D-FD4289F5D642}.Debug|Any CPU.ActiveCfg = Debug|Any CPU
		{DA4DFA23-75D3-432A-A50D-FD4289F5D642}.Debug|Any CPU.Build.0 = Debug|Any CPU
		{DA4DFA23-75D3-432A-A50D-FD4289F5D642}.Release|Any CPU.ActiveCfg = Release|Any CPU
		{DA4DFA23-75D3-432A-A50D-FD4289F5D642}.Release|Any CPU.Build.0 = Release|Any CPU
		{3E01EB70-924A-4BB7-BB86-95376D6082D8}.Debug|Any CPU.ActiveCfg = Debug|Any CPU
		{3E01EB70-924A-4BB7-BB86-95376D6082D8}.Debug|Any CPU.Build.0 = Debug|Any CPU
		{3E01EB70-924A-4BB7-BB86-95376D6082D8}.Release|Any CPU.ActiveCfg = Release|Any CPU
		{3E01EB70-924A-4BB7-BB86-95376D6082D8}.Release|Any CPU.Build.0 = Release|Any CPU
		{D3027E53-D14C-4D90-B972-08E5B61A6070}.Debug|Any CPU.ActiveCfg = Debug|Any CPU
		{D3027E53-D14C-4D90-B972-08E5B61A6070}.Debug|Any CPU.Build.0 = Debug|Any CPU
		{D3027E53-D14C-4D90-B972-08E5B61A6070}.Release|Any CPU.ActiveCfg = Release|Any CPU
		{D3027E53-D14C-4D90-B972-08E5B61A6070}.Release|Any CPU.Build.0 = Release|Any CPU
		{91DD86FE-2E35-47A6-AB9E-1B9E26E76ECC}.Debug|Any CPU.ActiveCfg = Debug|Any CPU
		{91DD86FE-2E35-47A6-AB9E-1B9E26E76ECC}.Debug|Any CPU.Build.0 = Debug|Any CPU
		{91DD86FE-2E35-47A6-AB9E-1B9E26E76ECC}.Release|Any CPU.ActiveCfg = Release|Any CPU
		{91DD86FE-2E35-47A6-AB9E-1B9E26E76ECC}.Release|Any CPU.Build.0 = Release|Any CPU
		{83154951-C894-4049-8841-070069A24D5A}.Debug|Any CPU.ActiveCfg = Debug|Any CPU
		{83154951-C894-4049-8841-070069A24D5A}.Debug|Any CPU.Build.0 = Debug|Any CPU
		{83154951-C894-4049-8841-070069A24D5A}.Release|Any CPU.ActiveCfg = Release|Any CPU
		{83154951-C894-4049-8841-070069A24D5A}.Release|Any CPU.Build.0 = Release|Any CPU
		{D2B3DEB9-A0A7-4FEC-B75C-0E9CBF7900CA}.Debug|Any CPU.ActiveCfg = Debug|Any CPU
		{D2B3DEB9-A0A7-4FEC-B75C-0E9CBF7900CA}.Debug|Any CPU.Build.0 = Debug|Any CPU
		{D2B3DEB9-A0A7-4FEC-B75C-0E9CBF7900CA}.Release|Any CPU.ActiveCfg = Release|Any CPU
		{D2B3DEB9-A0A7-4FEC-B75C-0E9CBF7900CA}.Release|Any CPU.Build.0 = Release|Any CPU
		{E70DCB1D-E905-4F00-BB1B-C745C6C30808}.Debug|Any CPU.ActiveCfg = Debug|Any CPU
		{E70DCB1D-E905-4F00-BB1B-C745C6C30808}.Debug|Any CPU.Build.0 = Debug|Any CPU
		{E70DCB1D-E905-4F00-BB1B-C745C6C30808}.Release|Any CPU.ActiveCfg = Release|Any CPU
		{E70DCB1D-E905-4F00-BB1B-C745C6C30808}.Release|Any CPU.Build.0 = Release|Any CPU
		{5D2BCACA-C53A-4E3A-A713-2B071C37063E}.Debug|Any CPU.ActiveCfg = Debug|Any CPU
		{5D2BCACA-C53A-4E3A-A713-2B071C37063E}.Debug|Any CPU.Build.0 = Debug|Any CPU
		{5D2BCACA-C53A-4E3A-A713-2B071C37063E}.Release|Any CPU.ActiveCfg = Release|Any CPU
		{5D2BCACA-C53A-4E3A-A713-2B071C37063E}.Release|Any CPU.Build.0 = Release|Any CPU
		{FF49E5F8-EC56-47C0-A834-689ECF221E3E}.Debug|Any CPU.ActiveCfg = Debug|Any CPU
		{FF49E5F8-EC56-47C0-A834-689ECF221E3E}.Debug|Any CPU.Build.0 = Debug|Any CPU
		{FF49E5F8-EC56-47C0-A834-689ECF221E3E}.Release|Any CPU.ActiveCfg = Release|Any CPU
		{FF49E5F8-EC56-47C0-A834-689ECF221E3E}.Release|Any CPU.Build.0 = Release|Any CPU
		{C7086346-C3CA-48EB-AE45-A26C9F47BD2D}.Debug|Any CPU.ActiveCfg = Debug|Any CPU
		{C7086346-C3CA-48EB-AE45-A26C9F47BD2D}.Debug|Any CPU.Build.0 = Debug|Any CPU
		{C7086346-C3CA-48EB-AE45-A26C9F47BD2D}.Release|Any CPU.ActiveCfg = Release|Any CPU
		{C7086346-C3CA-48EB-AE45-A26C9F47BD2D}.Release|Any CPU.Build.0 = Release|Any CPU
		{A5184B74-929D-40FF-A9A7-142935783578}.Debug|Any CPU.ActiveCfg = Debug|Any CPU
		{A5184B74-929D-40FF-A9A7-142935783578}.Debug|Any CPU.Build.0 = Debug|Any CPU
		{A5184B74-929D-40FF-A9A7-142935783578}.Release|Any CPU.ActiveCfg = Release|Any CPU
		{A5184B74-929D-40FF-A9A7-142935783578}.Release|Any CPU.Build.0 = Release|Any CPU
		{B6953955-E1A9-4BC2-99AE-EF830C7802F9}.Debug|Any CPU.ActiveCfg = Debug|Any CPU
		{B6953955-E1A9-4BC2-99AE-EF830C7802F9}.Debug|Any CPU.Build.0 = Debug|Any CPU
		{B6953955-E1A9-4BC2-99AE-EF830C7802F9}.Release|Any CPU.ActiveCfg = Release|Any CPU
		{B6953955-E1A9-4BC2-99AE-EF830C7802F9}.Release|Any CPU.Build.0 = Release|Any CPU
		{82C61D3C-E950-47E2-96B4-6191350629B2}.Debug|Any CPU.ActiveCfg = Debug|Any CPU
		{82C61D3C-E950-47E2-96B4-6191350629B2}.Debug|Any CPU.Build.0 = Debug|Any CPU
		{82C61D3C-E950-47E2-96B4-6191350629B2}.Release|Any CPU.ActiveCfg = Release|Any CPU
		{82C61D3C-E950-47E2-96B4-6191350629B2}.Release|Any CPU.Build.0 = Release|Any CPU
		{10C944DE-38EF-4B65-B427-C648C13C350C}.Debug|Any CPU.ActiveCfg = Debug|Any CPU
		{10C944DE-38EF-4B65-B427-C648C13C350C}.Debug|Any CPU.Build.0 = Debug|Any CPU
		{10C944DE-38EF-4B65-B427-C648C13C350C}.Release|Any CPU.ActiveCfg = Release|Any CPU
		{10C944DE-38EF-4B65-B427-C648C13C350C}.Release|Any CPU.Build.0 = Release|Any CPU
		{7407A837-FF8E-40EA-B4E6-D28FF1ABACED}.Debug|Any CPU.ActiveCfg = Debug|Any CPU
		{7407A837-FF8E-40EA-B4E6-D28FF1ABACED}.Debug|Any CPU.Build.0 = Debug|Any CPU
		{7407A837-FF8E-40EA-B4E6-D28FF1ABACED}.Release|Any CPU.ActiveCfg = Release|Any CPU
		{7407A837-FF8E-40EA-B4E6-D28FF1ABACED}.Release|Any CPU.Build.0 = Release|Any CPU
		{C53F4131-9B33-414E-B617-6C063C7FDCF3}.Debug|Any CPU.ActiveCfg = Debug|Any CPU
		{C53F4131-9B33-414E-B617-6C063C7FDCF3}.Debug|Any CPU.Build.0 = Debug|Any CPU
		{C53F4131-9B33-414E-B617-6C063C7FDCF3}.Release|Any CPU.ActiveCfg = Release|Any CPU
		{C53F4131-9B33-414E-B617-6C063C7FDCF3}.Release|Any CPU.Build.0 = Release|Any CPU
		{03BF1341-57B2-4AAE-A1E4-45185CF1E0EE}.Debug|Any CPU.ActiveCfg = Debug|Any CPU
		{03BF1341-57B2-4AAE-A1E4-45185CF1E0EE}.Debug|Any CPU.Build.0 = Debug|Any CPU
		{03BF1341-57B2-4AAE-A1E4-45185CF1E0EE}.Release|Any CPU.ActiveCfg = Release|Any CPU
		{03BF1341-57B2-4AAE-A1E4-45185CF1E0EE}.Release|Any CPU.Build.0 = Release|Any CPU
		{A2E878D2-D71D-4DB7-8B0E-9625AAE12DC3}.Debug|Any CPU.ActiveCfg = Debug|Any CPU
		{A2E878D2-D71D-4DB7-8B0E-9625AAE12DC3}.Debug|Any CPU.Build.0 = Debug|Any CPU
		{A2E878D2-D71D-4DB7-8B0E-9625AAE12DC3}.Release|Any CPU.ActiveCfg = Release|Any CPU
		{A2E878D2-D71D-4DB7-8B0E-9625AAE12DC3}.Release|Any CPU.Build.0 = Release|Any CPU
		{5EF44271-2E03-455D-B6A9-E88A0B65529B}.Debug|Any CPU.ActiveCfg = Debug|Any CPU
		{5EF44271-2E03-455D-B6A9-E88A0B65529B}.Debug|Any CPU.Build.0 = Debug|Any CPU
		{5EF44271-2E03-455D-B6A9-E88A0B65529B}.Release|Any CPU.ActiveCfg = Release|Any CPU
		{5EF44271-2E03-455D-B6A9-E88A0B65529B}.Release|Any CPU.Build.0 = Release|Any CPU
		{EB6FF440-3C32-49B0-931F-6B8D5FE8615F}.Debug|Any CPU.ActiveCfg = Debug|Any CPU
		{EB6FF440-3C32-49B0-931F-6B8D5FE8615F}.Debug|Any CPU.Build.0 = Debug|Any CPU
		{EB6FF440-3C32-49B0-931F-6B8D5FE8615F}.Release|Any CPU.ActiveCfg = Release|Any CPU
		{EB6FF440-3C32-49B0-931F-6B8D5FE8615F}.Release|Any CPU.Build.0 = Release|Any CPU
	EndGlobalSection
	GlobalSection(SolutionProperties) = preSolution
		HideSolutionNode = FALSE
	EndGlobalSection
	GlobalSection(ExtensibilityGlobals) = postSolution
		SolutionGuid = {758DDE20-674F-46EF-AF00-87B5A95CC20F}
	EndGlobalSection
EndGlobal
